{
  "markbot": "9c2aeeaa6eccf3ba016b7d88a4bb9e941916baac783cad56aaecb4de511c6de2",
  "index.html": "0f5c02e5bdf57453bfeeb8d52f3323b2d27e84577b108118e7d7ee7fcafa81ec",
  "css/main.css": "2761bcd1eb602287ee3d371937382cf216591ae32a069cdf299c53fdec250a60",
  "index-320.png": "8c5245ed8d5ab3c1f08d5f40ab95fa045eff535970db37e6a5dfcfd499d470c1"
}